
Microsoft Visual Studio Solution File, Format Version 12.00
# Visual Studio Version 17
VisualStudioVersion = 17.5.33530.505
MinimumVisualStudioVersion = 10.0.40219.1
Project("{FAE04EC0-301F-11D3-BF4B-00C04F79EFBC}") = "practical task 12", "practical task 12\practical task 12.csproj", "{433E1B7C-FCD2-4578-8C6C-E3D0F4B440CC}"
EndProject
Global
	GlobalSection(SolutionConfigurationPlatforms) = preSolution
		Debug|Any CPU = Debug|Any CPU
		Release|Any CPU = Release|Any CPU
	EndGlobalSection
	GlobalSection(ProjectConfigurationPlatforms) = postSolution
		{433E1B7C-FCD2-4578-8C6C-E3D0F4B440CC}.Debug|Any CPU.ActiveCfg = Debug|Any CPU
		{433E1B7C-FCD2-4578-8C6C-E3D0F4B440CC}.Debug|Any CPU.Build.0 = Debug|Any CPU
		{433E1B7C-FCD2-4578-8C6C-E3D0F4B440CC}.Release|Any CPU.ActiveCfg = Release|Any CPU
		{433E1B7C-FCD2-4578-8C6C-E3D0F4B440CC}.Release|Any CPU.Build.0 = Release|Any CPU
	EndGlobalSection
	GlobalSection(SolutionProperties) = preSolution
		HideSolutionNode = FALSE
	EndGlobalSection
	GlobalSection(ExtensibilityGlobals) = postSolution
		SolutionGuid = {3D664420-C126-493A-8FDD-B4EF7391D5E0}
	EndGlobalSection
EndGlobal
